
Microsoft Visual Studio Solution File, Format Version 12.00
# Visual Studio Version 17
VisualStudioVersion = 17.4.33205.214
MinimumVisualStudioVersion = 10.0.40219.1
Project("{FAE04EC0-301F-11D3-BF4B-00C04F79EFBC}") = "LambdaLinqTaskCSharp", "LambdaLinqTaskCSharp\LambdaLinqTaskCSharp.csproj", "{7E69DC31-EFD6-4E58-8572-0C2A50AAE057}"
EndProject
Global
	GlobalSection(SolutionConfigurationPlatforms) = preSolution
		Debug|Any CPU = Debug|Any CPU
		Release|Any CPU = Release|Any CPU
	EndGlobalSection
	GlobalSection(ProjectConfigurationPlatforms) = postSolution
		{7E69DC31-EFD6-4E58-8572-0C2A50AAE057}.Debug|Any CPU.ActiveCfg = Debug|Any CPU
		{7E69DC31-EFD6-4E58-8572-0C2A50AAE057}.Debug|Any CPU.Build.0 = Debug|Any CPU
		{7E69DC31-EFD6-4E58-8572-0C2A50AAE057}.Release|Any CPU.ActiveCfg = Release|Any CPU
		{7E69DC31-EFD6-4E58-8572-0C2A50AAE057}.Release|Any CPU.Build.0 = Release|Any CPU
	EndGlobalSection
	GlobalSection(SolutionProperties) = preSolution
		HideSolutionNode = FALSE
	EndGlobalSection
	GlobalSection(ExtensibilityGlobals) = postSolution
		SolutionGuid = {E1CC77B0-5793-4B7C-9037-552AB5839844}
	EndGlobalSection
EndGlobal
